dependencies:
- name: semaphore
  repository: https://semaphoreui.github.io/charts
  version: 16.0.4
- name: cluster
  repository: https://cloudnative-pg.io/charts
  version: 0.3.1
digest: sha256:a94cefa1144cab4ac0792e63810cb5192c9da07aedc3a4dc3b9055e86d86f94f
generated: "2025-10-16T13:04:17.228602-04:00"
